
Microsoft Visual Studio Solution File, Format Version 12.00
# Visual Studio 14
VisualStudioVersion = 14.0.24720.0
MinimumVisualStudioVersion = 10.0.40219.1
Project("{FAE04EC0-301F-11D3-BF4B-00C04F79EFBC}") = "Units translate", "Units translate\Units translate.csproj", "{96398108-44CE-4917-B9BC-F8CB2C0A9667}"
EndProject
Project("{FAE04EC0-301F-11D3-BF4B-00C04F79EFBC}") = "Core", "Core\Core.csproj", "{3A07D7F9-9401-4C63-9C02-ACEEA373B714}"
EndProject
Project("{FAE04EC0-301F-11D3-BF4B-00C04F79EFBC}") = "UI", "UI\UI.csproj", "{5ED11428-EB26-4F78-8B3E-5B2E5E045835}"
EndProject
Project("{FAE04EC0-301F-11D3-BF4B-00C04F79EFBC}") = "regex", "Parsers\regex\regex.csproj", "{2B692DF7-B0CB-4CD4-9DF8-E5229BF1A2B2}"
EndProject
Project("{FAE04EC0-301F-11D3-BF4B-00C04F79EFBC}") = "Inerfaces", "Inerfaces\Inerfaces.csproj", "{EFE43656-CED7-496B-87C0-E89AD7CF3DBB}"
EndProject
Project("{2150E333-8FDC-42A3-9474-1A3956D46DE8}") = "Parsers", "Parsers", "{A3747637-BACC-4813-B9DC-9F9AA3FC140A}"
EndProject
Project("{FAE04EC0-301F-11D3-BF4B-00C04F79EFBC}") = "pascal", "Parsers\pascal\pascal.csproj", "{7159AAA6-55BE-4E47-BC9D-8570070624EF}"
EndProject
Project("{FAE04EC0-301F-11D3-BF4B-00C04F79EFBC}") = "SpellTextBox", "SpellTextBox\SpellTextBox.csproj", "{B68575F2-D6CA-4B41-8710-1FE81310398A}"
EndProject
Global
	GlobalSection(SolutionConfigurationPlatforms) = preSolution
		Debug|Any CPU = Debug|Any CPU
		Release|Any CPU = Release|Any CPU
	EndGlobalSection
	GlobalSection(ProjectConfigurationPlatforms) = postSolution
		{96398108-44CE-4917-B9BC-F8CB2C0A9667}.Debug|Any CPU.ActiveCfg = Debug|Any CPU
		{96398108-44CE-4917-B9BC-F8CB2C0A9667}.Debug|Any CPU.Build.0 = Debug|Any CPU
		{96398108-44CE-4917-B9BC-F8CB2C0A9667}.Release|Any CPU.ActiveCfg = Release|Any CPU
		{96398108-44CE-4917-B9BC-F8CB2C0A9667}.Release|Any CPU.Build.0 = Release|Any CPU
		{3A07D7F9-9401-4C63-9C02-ACEEA373B714}.Debug|Any CPU.ActiveCfg = Debug|Any CPU
		{3A07D7F9-9401-4C63-9C02-ACEEA373B714}.Debug|Any CPU.Build.0 = Debug|Any CPU
		{3A07D7F9-9401-4C63-9C02-ACEEA373B714}.Release|Any CPU.ActiveCfg = Release|Any CPU
		{3A07D7F9-9401-4C63-9C02-ACEEA373B714}.Release|Any CPU.Build.0 = Release|Any CPU
		{5ED11428-EB26-4F78-8B3E-5B2E5E045835}.Debug|Any CPU.ActiveCfg = Debug|Any CPU
		{5ED11428-EB26-4F78-8B3E-5B2E5E045835}.Debug|Any CPU.Build.0 = Debug|Any CPU
		{5ED11428-EB26-4F78-8B3E-5B2E5E045835}.Release|Any CPU.ActiveCfg = Release|Any CPU
		{5ED11428-EB26-4F78-8B3E-5B2E5E045835}.Release|Any CPU.Build.0 = Release|Any CPU
		{2B692DF7-B0CB-4CD4-9DF8-E5229BF1A2B2}.Debug|Any CPU.ActiveCfg = Debug|Any CPU
		{2B692DF7-B0CB-4CD4-9DF8-E5229BF1A2B2}.Debug|Any CPU.Build.0 = Debug|Any CPU
		{2B692DF7-B0CB-4CD4-9DF8-E5229BF1A2B2}.Release|Any CPU.ActiveCfg = Release|Any CPU
		{2B692DF7-B0CB-4CD4-9DF8-E5229BF1A2B2}.Release|Any CPU.Build.0 = Release|Any CPU
		{EFE43656-CED7-496B-87C0-E89AD7CF3DBB}.Debug|Any CPU.ActiveCfg = Debug|Any CPU
		{EFE43656-CED7-496B-87C0-E89AD7CF3DBB}.Debug|Any CPU.Build.0 = Debug|Any CPU
		{EFE43656-CED7-496B-87C0-E89AD7CF3DBB}.Release|Any CPU.ActiveCfg = Release|Any CPU
		{EFE43656-CED7-496B-87C0-E89AD7CF3DBB}.Release|Any CPU.Build.0 = Release|Any CPU
		{7159AAA6-55BE-4E47-BC9D-8570070624EF}.Debug|Any CPU.ActiveCfg = Debug|Any CPU
		{7159AAA6-55BE-4E47-BC9D-8570070624EF}.Debug|Any CPU.Build.0 = Debug|Any CPU
		{7159AAA6-55BE-4E47-BC9D-8570070624EF}.Release|Any CPU.ActiveCfg = Release|Any CPU
		{7159AAA6-55BE-4E47-BC9D-8570070624EF}.Release|Any CPU.Build.0 = Release|Any CPU
		{B68575F2-D6CA-4B41-8710-1FE81310398A}.Debug|Any CPU.ActiveCfg = Debug|Any CPU
		{B68575F2-D6CA-4B41-8710-1FE81310398A}.Debug|Any CPU.Build.0 = Debug|Any CPU
		{B68575F2-D6CA-4B41-8710-1FE81310398A}.Release|Any CPU.ActiveCfg = Release|Any CPU
		{B68575F2-D6CA-4B41-8710-1FE81310398A}.Release|Any CPU.Build.0 = Release|Any CPU
	EndGlobalSection
	GlobalSection(SolutionProperties) = preSolution
		HideSolutionNode = FALSE
	EndGlobalSection
	GlobalSection(NestedProjects) = preSolution
		{2B692DF7-B0CB-4CD4-9DF8-E5229BF1A2B2} = {A3747637-BACC-4813-B9DC-9F9AA3FC140A}
		{7159AAA6-55BE-4E47-BC9D-8570070624EF} = {A3747637-BACC-4813-B9DC-9F9AA3FC140A}
	EndGlobalSection
EndGlobal
